// !$*UTF8*$!
{
	archiveVersion = 1;
	classes = {
	};
	objectVersion = 50;
	objects = {

/* Begin PBXBuildFile section */
		CED5741B24F5E1CE00E5DE8A /* AppDelegate.swift in Sources */ = {isa = PBXBuildFile; fileRef = CED5741A24F5E1CE00E5DE8A /* AppDelegate.swift */; };
		CED5741D24F5E1CE00E5DE8A /* SceneDelegate.swift in Sources */ = {isa = PBXBuildFile; fileRef = CED5741C24F5E1CE00E5DE8A /* SceneDelegate.swift */; };
		CED5741F24F5E1CE00E5DE8A /* ViewController.swift in Sources */ = {isa = PBXBuildFile; fileRef = CED5741E24F5E1CE00E5DE8A /* ViewController.swift */; };
		CED5742224F5E1CE00E5DE8A /* Main.storyboard in Resources */ = {isa = PBXBuildFile; fileRef = CED5742024F5E1CE00E5DE8A /* Main.storyboard */; };
		CED5742424F5E1D300E5DE8A /* Assets.xcassets in Resources */ = {isa = PBXBuildFile; fileRef = CED5742324F5E1D300E5DE8A /* Assets.xcassets */; };
		CED5742724F5E1D300E5DE8A /* LaunchScreen.storyboard in Resources */ = {isa = PBXBuildFile; fileRef = CED5742524F5E1D300E5DE8A /* LaunchScreen.storyboard */; };
/* End PBXBuildFile section */

/* Begin PBXFileReference section */
		CED5741724F5E1CE00E5DE8A /* GroupOrdersEricApp1.app */ = {isa = PBXFileReference; explicitFileType = wrapper.application; includeInIndex = 0; path = GroupOrdersEricApp1.app; sourceTree = BUILT_PRODUCTS_DIR; };
		CED5741A24F5E1CE00E5DE8A /* AppDelegate.swift */ = {isa = PBXFileReference; lastKnownFileType = sourcecode.swift; path = AppDelegate.swift; sourceTree = "<group>"; };
		CED5741C24F5E1CE00E5DE8A /* SceneDelegate.swift */ = {isa = PBXFileReference; lastKnownFileType = sourcecode.swift; path = SceneDelegate.swift; sourceTree = "<group>"; };
		CED5741E24F5E1CE00E5DE8A /* ViewController.swift */ = {isa = PBXFileReference; lastKnownFileType = sourcecode.swift; path = ViewController.swift; sourceTree = "<group>"; };
		CED5742124F5E1CE00E5DE8A /* Base */ = {isa = PBXFileReference; lastKnownFileType = file.storyboard; name = Base; path = Base.lproj/Main.storyboard; sourceTree = "<group>"; };
		CED5742324F5E1D300E5DE8A /* Assets.xcassets */ = {isa = PBXFileReference; lastKnownFileType = folder.assetcatalog; path = Assets.xcassets; sourceTree = "<group>"; };
		CED5742624F5E1D300E5DE8A /* Base */ = {isa = PBXFileReference; lastKnownFileType = file.storyboard; name = Base; path = Base.lproj/LaunchScreen.storyboard; sourceTree = "<group>"; };
		CED5742824F5E1D300E5DE8A /* Info.plist */ = {isa = PBXFileReference; lastKnownFileType = text.plist.xml; path = Info.plist; sourceTree = "<group>"; };
/* End PBXFileReference section */

/* Begin PBXFrameworksBuildPhase section */
		CED5741424F5E1CE00E5DE8A /* Frameworks */ = {
			isa = PBXFrameworksBuildPhase;
			buildActionMask = 2147483647;
			files = (
			);
			runOnlyForDeploymentPostprocessing = 0;
		};
/* End PBXFrameworksBuildPhase section */

/* Begin PBXGroup section */
		CED5740E24F5E1CE00E5DE8A = {
			isa = PBXGroup;
			children = (
				CED5741924F5E1CE00E5DE8A /* GroupOrdersEricApp1 */,
				CED5741824F5E1CE00E5DE8A /* Products */,
			);
			sourceTree = "<group>";
		};
		CED5741824F5E1CE00E5DE8A /* Products */ = {
			isa = PBXGroup;
			children = (
				CED5741724F5E1CE00E5DE8A /* GroupOrdersEricApp1.app */,
			);
			name = Products;
			sourceTree = "<group>";
		};
		CED5741924F5E1CE00E5DE8A /* GroupOrdersEricApp1 */ = {
			isa = PBXGroup;
			children = (
				CED5741A24F5E1CE00E5DE8A /* AppDelegate.swift */,
				CED5741C24F5E1CE00E5DE8A /* SceneDelegate.swift */,
				CED5741E24F5E1CE00E5DE8A /* ViewController.swift */,
				CED5742024F5E1CE00E5DE8A /* Main.storyboard */,
				CED5742324F5E1D300E5DE8A /* Assets.xcassets */,
				CED5742524F5E1D300E5DE8A /* LaunchScreen.storyboard */,
				CED5742824F5E1D300E5DE8A /* Info.plist */,
			);
			path = GroupOrdersEricApp1;
			sourceTree = "<group>";
		};
/* End PBXGroup section */

/* Begin PBXNativeTarget section */
		CED5741624F5E1CE00E5DE8A /* GroupOrdersEricApp1 */ = {
			isa = PBXNativeTarget;
			buildConfigurationList = CED5742B24F5E1D300E5DE8A /* Build configuration list for PBXNativeTarget "GroupOrdersEricApp1" */;
			buildPhases = (
				CED5741324F5E1CE00E5DE8A /* Sources */,
				CED5741424F5E1CE00E5DE8A /* Frameworks */,
				CED5741524F5E1CE00E5DE8A /* Resources */,
			);
			buildRules = (
			);
			dependencies = (
			);
			name = GroupOrdersEricApp1;
			productName = GroupOrdersEricApp1;
			productReference = CED5741724F5E1CE00E5DE8A /* GroupOrdersEricApp1.app */;
			productType = "com.apple.product-type.application";
		};
/* End PBXNativeTarget section */

/* Begin PBXProject section */
		CED5740F24F5E1CE00E5DE8A /* Project object */ = {
			isa = PBXProject;
			attributes = {
				LastSwiftUpdateCheck = 1140;
				LastUpgradeCheck = 1140;
				ORGANIZATIONNAME = user;
				TargetAttributes = {
					CED5741624F5E1CE00E5DE8A = {
						CreatedOnToolsVersion = 11.4.1;
					};
				};
			};
			buildConfigurationList = CED5741224F5E1CE00E5DE8A /* Build configuration list for PBXProject "GroupOrdersEricApp1" */;
			compatibilityVersion = "Xcode 9.3";
			developmentRegion = en;
			hasScannedForEncodings = 0;
			knownRegions = (
				en,
				Base,
			);
			mainGroup = CED5740E24F5E1CE00E5DE8A;
			productRefGroup = CED5741824F5E1CE00E5DE8A /* Products */;
			projectDirPath = "";
			projectRoot = "";
			targets = (
				CED5741624F5E1CE00E5DE8A /* GroupOrdersEricApp1 */,
			);
		};
/* End PBXProject section */

/* Begin PBXResourcesBuildPhase section */
		CED5741524F5E1CE00E5DE8A /* Resources */ = {
			isa = PBXResourcesBuildPhase;
			buildActionMask = 2147483647;
			files = (
				CED5742724F5E1D300E5DE8A /* LaunchScreen.storyboard in Resources */,
				CED5742424F5E1D300E5DE8A /* Assets.xcassets in Resources */,
				CED5742224F5E1CE00E5DE8A /* Main.storyboard in Resources */,
			);
			runOnlyForDeploymentPostprocessing = 0;
		};
/* End PBXResourcesBuildPhase section */

/* Begin PBXSourcesBuildPhase section */
		CED5741324F5E1CE00E5DE8A /* Sources */ = {
			isa = PBXSourcesBuildPhase;
			buildActionMask = 2147483647;
			files = (
				CED5741F24F5E1CE00E5DE8A /* ViewController.swift in Sources */,
				CED5741B24F5E1CE00E5DE8A /* AppDelegate.swift in Sources */,
				CED5741D24F5E1CE00E5DE8A /* SceneDelegate.swift in Sources */,
			);
			runOnlyForDeploymentPostprocessing = 0;
		};
/* End PBXSourcesBuildPhase section */

/* Begin PBXVariantGroup section */
		CED5742024F5E1CE00E5DE8A /* Main.storyboard */ = {
			isa = PBXVariantGroup;
			children = (
				CED5742124F5E1CE00E5DE8A /* Base */,
			);
			name = Main.storyboard;
			sourceTree = "<group>";
		};
		CED5742524F5E1D300E5DE8A /* LaunchScreen.storyboard */ = {
			isa = PBXVariantGroup;
			children = (
				CED5742624F5E1D300E5DE8A /* Base */,
			);
			name = LaunchScreen.storyboard;
			sourceTree = "<group>";
		};
/* End PBXVariantGroup section */

/* Begin XCBuildConfiguration section */
		CED5742924F5E1D300E5DE8A /* Debug */ = {
			isa = XCBuildConfiguration;
			buildSettings = {
				ALWAYS_SEARCH_USER_PATHS = NO;
				CLANG_ANALYZER_NONNULL = YES;
				CLANG_ANALYZER_NUMBER_OBJECT_CONVERSION = YES_AGGRESSIVE;
				CLANG_CXX_LANGUAGE_STANDARD = "gnu++14";
				CLANG_CXX_LIBRARY = "libc++";
				CLANG_ENABLE_MODULES = YES;
				CLANG_ENABLE_OBJC_ARC = YES;
				CLANG_ENABLE_OBJC_WEAK = YES;
				CLANG_WARN_BLOCK_CAPTURE_AUTORELEASING = YES;
				CLANG_WARN_BOOL_CONVERSION = YES;
				CLANG_WARN_COMMA = YES;
				CLANG_WARN_CONSTANT_CONVERSION = YES;
				CLANG_WARN_DEPRECATED_OBJC_IMPLEMENTATIONS = YES;
				CLANG_WARN_DIRECT_OBJC_ISA_USAGE = YES_ERROR;
				CLANG_WARN_DOCUMENTATION_COMMENTS = YES;
				CLANG_WARN_EMPTY_BODY = YES;
				CLANG_WARN_ENUM_CONVERSION = YES;
				CLANG_WARN_INFINITE_RECURSION = YES;
				CLANG_WARN_INT_CONVERSION = YES;
				CLANG_WARN_NON_LITERAL_NULL_CONVERSION = YES;
				CLANG_WARN_OBJC_IMPLICIT_RETAIN_SELF = YES;
				CLANG_WARN_OBJC_LITERAL_CONVERSION = YES;
				CLANG_WARN_OBJC_ROOT_CLASS = YES_ERROR;
				CLANG_WARN_RANGE_LOOP_ANALYSIS = YES;
				CLANG_WARN_STRICT_PROTOTYPES = YES;
				CLANG_WARN_SUSPICIOUS_MOVE = YES;
				CLANG_WARN_UNGUARDED_AVAILABILITY = YES_AGGRESSIVE;
				CLANG_WARN_UNREACHABLE_CODE = YES;
				CLANG_WARN__DUPLICATE_METHOD_MATCH = YES;
				COPY_PHASE_STRIP = NO;
				DEBUG_INFORMATION_FORMAT = dwarf;
				ENABLE_STRICT_OBJC_MSGSEND = YES;
				ENABLE_TESTABILITY = YES;
				GCC_C_LANGUAGE_STANDARD = gnu11;
				GCC_DYNAMIC_NO_PIC = NO;
				GCC_NO_COMMON_BLOCKS = YES;
				GCC_OPTIMIZATION_LEVEL = 0;
				GCC_PREPROCESSOR_DEFINITIONS = (
					"DEBUG=1",
					"$(inherited)",
				);
				GCC_WARN_64_TO_32_BIT_CONVERSION = YES;
				GCC_WARN_ABOUT_RETURN_TYPE = YES_ERROR;
				GCC_WARN_UNDECLARED_SELECTOR = YES;
				GCC_WARN_UNINITIALIZED_AUTOS = YES_AGGRESSIVE;
				GCC_WARN_UNUSED_FUNCTION = YES;
				GCC_WARN_UNUSED_VARIABLE = YES;
				IPHONEOS_DEPLOYMENT_TARGET = 13.4;
				MTL_ENABLE_DEBUG_INFO = INCLUDE_SOURCE;
				MTL_FAST_MATH = YES;
				ONLY_ACTIVE_ARCH = YES;
				SDKROOT = iphoneos;
				SWIFT_ACTIVE_COMPILATION_CONDITIONS = DEBUG;
				SWIFT_OPTIMIZATION_LEVEL = "-Onone";
			};
			name = Debug;
		};
		CED5742A24F5E1D300E5DE8A /* Release */ = {
			isa = XCBuildConfiguration;
			buildSettings = {
				ALWAYS_SEARCH_USER_PATHS = NO;
				CLANG_ANALYZER_NONNULL = YES;
				CLANG_ANALYZER_NUMBER_OBJECT_CONVERSION = YES_AGGRESSIVE;
				CLANG_CXX_LANGUAGE_STANDARD = "gnu++14";
				CLANG_CXX_LIBRARY = "libc++";
				CLANG_ENABLE_MODULES = YES;
				CLANG_ENABLE_OBJC_ARC = YES;
				CLANG_ENABLE_OBJC_WEAK = YES;
				CLANG_WARN_BLOCK_CAPTURE_AUTORELEASING = YES;
				CLANG_WARN_BOOL_CONVERSION = YES;
				CLANG_WARN_COMMA = YES;
				CLANG_WARN_CONSTANT_CONVERSION = YES;
				CLANG_WARN_DEPRECATED_OBJC_IMPLEMENTATIONS = YES;
				CLANG_WARN_DIRECT_OBJC_ISA_USAGE = YES_ERROR;
				CLANG_WARN_DOCUMENTATION_COMMENTS = YES;
				CLANG_WARN_EMPTY_BODY = YES;
				CLANG_WARN_ENUM_CONVERSION = YES;
				CLANG_WARN_INFINITE_RECURSION = YES;
				CLANG_WARN_INT_CONVERSION = YES;
				CLANG_WARN_NON_LITERAL_NULL_CONVERSION = YES;
				CLANG_WARN_OBJC_IMPLICIT_RETAIN_SELF = YES;
				CLANG_WARN_OBJC_LITERAL_CONVERSION = YES;
				CLANG_WARN_OBJC_ROOT_CLASS = YES_ERROR;
				CLANG_WARN_RANGE_LOOP_ANALYSIS = YES;
				CLANG_WARN_STRICT_PROTOTYPES = YES;
				CLANG_WARN_SUSPICIOUS_MOVE = YES;
				CLANG_WARN_UNGUARDED_AVAILABILITY = YES_AGGRESSIVE;
				CLANG_WARN_UNREACHABLE_CODE = YES;
				CLANG_WARN__DUPLICATE_METHOD_MATCH = YES;
				COPY_PHASE_STRIP = NO;
				DEBUG_INFORMATION_FORMAT = "dwarf-with-dsym";
				ENABLE_NS_ASSERTIONS = NO;
				ENABLE_STRICT_OBJC_MSGSEND = YES;
				GCC_C_LANGUAGE_STANDARD = gnu11;
				GCC_NO_COMMON_BLOCKS = YES;
				GCC_WARN_64_TO_32_BIT_CONVERSION = YES;
				GCC_WARN_ABOUT_RETURN_TYPE = YES_ERROR;
				GCC_WARN_UNDECLARED_SELECTOR = YES;
				GCC_WARN_UNINITIALIZED_AUTOS = YES_AGGRESSIVE;
				GCC_WARN_UNUSED_FUNCTION = YES;
				GCC_WARN_UNUSED_VARIABLE = YES;
				IPHONEOS_DEPLOYMENT_TARGET = 13.4;
				MTL_ENABLE_DEBUG_INFO = NO;
				MTL_FAST_MATH = YES;
				SDKROOT = iphoneos;
				SWIFT_COMPILATION_MODE = wholemodule;
				SWIFT_OPTIMIZATION_LEVEL = "-O";
				VALIDATE_PRODUCT = YES;
			};
			name = Release;
		};
		CED5742C24F5E1D300E5DE8A /* Debug */ = {
			isa = XCBuildConfiguration;
			buildSettings = {
				ASSETCATALOG_COMPILER_APPICON_NAME = AppIcon;
				CODE_SIGN_STYLE = Automatic;
				INFOPLIST_FILE = GroupOrdersEricApp1/Info.plist;
				LD_RUNPATH_SEARCH_PATHS = (
					"$(inherited)",
					"@executable_path/Frameworks",
				);
				PRODUCT_BUNDLE_IDENTIFIER = Ericwu.GroupOrdersEricApp1;
				PRODUCT_NAME = "$(TARGET_NAME)";
				SWIFT_VERSION = 5.0;
				TARGETED_DEVICE_FAMILY = "1,2";
			};
			name = Debug;
		};
		CED5742D24F5E1D300E5DE8A /* Release */ = {
			isa = XCBuildConfiguration;
			buildSettings = {
				ASSETCATALOG_COMPILER_APPICON_NAME = AppIcon;
				CODE_SIGN_STYLE = Automatic;
				INFOPLIST_FILE = GroupOrdersEricApp1/Info.plist;
				LD_RUNPATH_SEARCH_PATHS = (
					"$(inherited)",
					"@executable_path/Frameworks",
				);
				PRODUCT_BUNDLE_IDENTIFIER = Ericwu.GroupOrdersEricApp1;
				PRODUCT_NAME = "$(TARGET_NAME)";
				SWIFT_VERSION = 5.0;
				TARGETED_DEVICE_FAMILY = "1,2";
			};
			name = Release;
		};
/* End XCBuildConfiguration section */

/* Begin XCConfigurationList section */
		CED5741224F5E1CE00E5DE8A /* Build configuration list for PBXProject "GroupOrdersEricApp1" */ = {
			isa = XCConfigurationList;
			buildConfigurations = (
				CED5742924F5E1D300E5DE8A /* Debug */,
				CED5742A24F5E1D300E5DE8A /* Release */,
			);
			defaultConfigurationIsVisible = 0;
			defaultConfigurationName = Release;
		};
		CED5742B24F5E1D300E5DE8A /* Build configuration list for PBXNativeTarget "GroupOrdersEricApp1" */ = {
			isa = XCConfigurationList;
			buildConfigurations = (
				CED5742C24F5E1D300E5DE8A /* Debug */,
				CED5742D24F5E1D300E5DE8A /* Release */,
			);
			defaultConfigurationIsVisible = 0;
			defaultConfigurationName = Release;
		};
/* End XCConfigurationList section */
	};
	rootObject = CED5740F24F5E1CE00E5DE8A /* Project object */;
}
